
Microsoft Visual Studio Solution File, Format Version 12.00
# Visual Studio Version 17
VisualStudioVersion = 17.12.35707.178
MinimumVisualStudioVersion = 10.0.40219.1
Project("{FAE04EC0-301F-11D3-BF4B-00C04F79EFBC}") = "InSim.Packets", "InSim.Packets\InSim.Packets.csproj", "{3F3FE520-B7B7-4F07-8397-A3997E618EA2}"
EndProject
Project("{FAE04EC0-301F-11D3-BF4B-00C04F79EFBC}") = "InSim.Client", "InSim.Client\InSim.Client.csproj", "{5AB99C71-88CB-4463-8676-3ACF2BA9F34F}"
EndProject
Global
	GlobalSection(SolutionConfigurationPlatforms) = preSolution
		Debug|Any CPU = Debug|Any CPU
		Release|Any CPU = Release|Any CPU
	EndGlobalSection
	GlobalSection(ProjectConfigurationPlatforms) = postSolution
		{3F3FE520-B7B7-4F07-8397-A3997E618EA2}.Debug|Any CPU.ActiveCfg = Debug|Any CPU
		{3F3FE520-B7B7-4F07-8397-A3997E618EA2}.Debug|Any CPU.Build.0 = Debug|Any CPU
		{3F3FE520-B7B7-4F07-8397-A3997E618EA2}.Release|Any CPU.ActiveCfg = Release|Any CPU
		{3F3FE520-B7B7-4F07-8397-A3997E618EA2}.Release|Any CPU.Build.0 = Release|Any CPU
		{5AB99C71-88CB-4463-8676-3ACF2BA9F34F}.Debug|Any CPU.ActiveCfg = Debug|Any CPU
		{5AB99C71-88CB-4463-8676-3ACF2BA9F34F}.Debug|Any CPU.Build.0 = Debug|Any CPU
		{5AB99C71-88CB-4463-8676-3ACF2BA9F34F}.Release|Any CPU.ActiveCfg = Release|Any CPU
		{5AB99C71-88CB-4463-8676-3ACF2BA9F34F}.Release|Any CPU.Build.0 = Release|Any CPU
	EndGlobalSection
	GlobalSection(SolutionProperties) = preSolution
		HideSolutionNode = FALSE
	EndGlobalSection
EndGlobal
